// !$*UTF8*$!
{
	archiveVersion = 1;
	classes = {
	};
	objectVersion = 46;
	objects = {

/* Begin PBXGroup section */
		E2635EAC1BF340F100B449D0 = {
			isa = PBXGroup;
			children = (
			);
			sourceTree = "<group>";
		};
/* End PBXGroup section */

/* Begin PBXProject section */
		E2635EAD1BF340F100B449D0 /* Project object */ = {
			isa = PBXProject;
			attributes = {
				LastUpgradeCheck = 0700;
			};
			buildConfigurationList = E2635EB01BF340F100B449D0 /* Build configuration list for PBXProject "10-UIWindow(代码)" */;
			compatibilityVersion = "Xcode 3.2";
			developmentRegion = English;
			hasScannedForEncodings = 0;
			knownRegions = (
				en,
			);
			mainGroup = E2635EAC1BF340F100B449D0;
			projectDirPath = "";
			projectRoot = "";
			targets = (
			);
		};
/* End PBXProject section */

/* Begin XCBuildConfiguration section */
		E2635EB11BF340F100B449D0 /* Debug */ = {
			isa = XCBuildConfiguration;
			buildSettings = {
			};
			name = Debug;
		};
		E2635EB21BF340F100B449D0 /* Release */ = {
			isa = XCBuildConfiguration;
			buildSettings = {
			};
			name = Release;
		};
/* End XCBuildConfiguration section */

/* Begin XCConfigurationList section */
		E2635EB01BF340F100B449D0 /* Build configuration list for PBXProject "10-UIWindow(代码)" */ = {
			isa = XCConfigurationList;
			buildConfigurations = (
				E2635EB11BF340F100B449D0 /* Debug */,
				E2635EB21BF340F100B449D0 /* Release */,
			);
			defaultConfigurationIsVisible = 0;
			defaultConfigurationName = Release;
		};
/* End XCConfigurationList section */
	};
	rootObject = E2635EAD1BF340F100B449D0 /* Project object */;
}
