// !$*UTF8*$!
{
	archiveVersion = 1;
	classes = {
	};
	objectVersion = 46;
	objects = {

/* Begin PBXBuildFile section */
		E2052A551BEF1E8300F76243 /* main.m in Sources */ = {isa = PBXBuildFile; fileRef = E2052A541BEF1E8300F76243 /* main.m */; };
		E2052A581BEF1E8300F76243 /* AppDelegate.m in Sources */ = {isa = PBXBuildFile; fileRef = E2052A571BEF1E8300F76243 /* AppDelegate.m */; };
		E2052A5B1BEF1E8300F76243 /* ViewController.m in Sources */ = {isa = PBXBuildFile; fileRef = E2052A5A1BEF1E8300F76243 /* ViewController.m */; };
		E2052A5E1BEF1E8300F76243 /* Main.storyboard in Resources */ = {isa = PBXBuildFile; fileRef = E2052A5C1BEF1E8300F76243 /* Main.storyboard */; };
		E2052A601BEF1E8300F76243 /* Assets.xcassets in Resources */ = {isa = PBXBuildFile; fileRef = E2052A5F1BEF1E8300F76243 /* Assets.xcassets */; };
		E2052A631BEF1E8300F76243 /* LaunchScreen.storyboard in Resources */ = {isa = PBXBuildFile; fileRef = E2052A611BEF1E8300F76243 /* LaunchScreen.storyboard */; };
		E2052A6E1BEF1E8300F76243 /* _1_______storyboard_Tests.m in Sources */ = {isa = PBXBuildFile; fileRef = E2052A6D1BEF1E8300F76243 /* _1_______storyboard_Tests.m */; };
		E2052A791BEF1E8300F76243 /* _1_______storyboard_UITests.m in Sources */ = {isa = PBXBuildFile; fileRef = E2052A781BEF1E8300F76243 /* _1_______storyboard_UITests.m */; };
/* End PBXBuildFile section */

/* Begin PBXContainerItemProxy section */
		E2052A6A1BEF1E8300F76243 /* PBXContainerItemProxy */ = {
			isa = PBXContainerItemProxy;
			containerPortal = E2052A481BEF1E8300F76243 /* Project object */;
			proxyType = 1;
			remoteGlobalIDString = E2052A4F1BEF1E8300F76243;
			remoteInfo = "01-静态单元格(storyboard)";
		};
		E2052A751BEF1E8300F76243 /* PBXContainerItemProxy */ = {
			isa = PBXContainerItemProxy;
			containerPortal = E2052A481BEF1E8300F76243 /* Project object */;
			proxyType = 1;
			remoteGlobalIDString = E2052A4F1BEF1E8300F76243;
			remoteInfo = "01-静态单元格(storyboard)";
		};
/* End PBXContainerItemProxy section */

/* Begin PBXFileReference section */
		E2052A501BEF1E8300F76243 /* 01-静态单元格(storyboard).app */ = {isa = PBXFileReference; explicitFileType = wrapper.application; includeInIndex = 0; path = "01-静态单元格(storyboard).app"; sourceTree = BUILT_PRODUCTS_DIR; };
		E2052A541BEF1E8300F76243 /* main.m */ = {isa = PBXFileReference; lastKnownFileType = sourcecode.c.objc; path = main.m; sourceTree = "<group>"; };
		E2052A561BEF1E8300F76243 /* AppDelegate.h */ = {isa = PBXFileReference; lastKnownFileType = sourcecode.c.h; path = AppDelegate.h; sourceTree = "<group>"; };
		E2052A571BEF1E8300F76243 /* AppDelegate.m */ = {isa = PBXFileReference; lastKnownFileType = sourcecode.c.objc; path = AppDelegate.m; sourceTree = "<group>"; };
		E2052A591BEF1E8300F76243 /* ViewController.h */ = {isa = PBXFileReference; lastKnownFileType = sourcecode.c.h; path = ViewController.h; sourceTree = "<group>"; };
		E2052A5A1BEF1E8300F76243 /* ViewController.m */ = {isa = PBXFileReference; lastKnownFileType = sourcecode.c.objc; path = ViewController.m; sourceTree = "<group>"; };
		E2052A5D1BEF1E8300F76243 /* Base */ = {isa = PBXFileReference; lastKnownFileType = file.storyboard; name = Base; path = Base.lproj/Main.storyboard; sourceTree = "<group>"; };
		E2052A5F1BEF1E8300F76243 /* Assets.xcassets */ = {isa = PBXFileReference; lastKnownFileType = folder.assetcatalog; path = Assets.xcassets; sourceTree = "<group>"; };
		E2052A621BEF1E8300F76243 /* Base */ = {isa = PBXFileReference; lastKnownFileType = file.storyboard; name = Base; path = Base.lproj/LaunchScreen.storyboard; sourceTree = "<group>"; };
		E2052A641BEF1E8300F76243 /* Info.plist */ = {isa = PBXFileReference; lastKnownFileType = text.plist.xml; path = Info.plist; sourceTree = "<group>"; };
		E2052A691BEF1E8300F76243 /* 01-静态单元格(storyboard)Tests.xctest */ = {isa = PBXFileReference; explicitFileType = wrapper.cfbundle; includeInIndex = 0; path = "01-静态单元格(storyboard)Tests.xctest"; sourceTree = BUILT_PRODUCTS_DIR; };
		E2052A6D1BEF1E8300F76243 /* _1_______storyboard_Tests.m */ = {isa = PBXFileReference; lastKnownFileType = sourcecode.c.objc; path = "_1_______storyboard_Tests.m"; sourceTree = "<group>"; };
		E2052A6F1BEF1E8300F76243 /* Info.plist */ = {isa = PBXFileReference; lastKnownFileType = text.plist.xml; path = Info.plist; sourceTree = "<group>"; };
		E2052A741BEF1E8300F76243 /* 01-静态单元格(storyboard)UITests.xctest */ = {isa = PBXFileReference; explicitFileType = wrapper.cfbundle; includeInIndex = 0; path = "01-静态单元格(storyboard)UITests.xctest"; sourceTree = BUILT_PRODUCTS_DIR; };
		E2052A781BEF1E8300F76243 /* _1_______storyboard_UITests.m */ = {isa = PBXFileReference; lastKnownFileType = sourcecode.c.objc; path = "_1_______storyboard_UITests.m"; sourceTree = "<group>"; };
		E2052A7A1BEF1E8300F76243 /* Info.plist */ = {isa = PBXFileReference; lastKnownFileType = text.plist.xml; path = Info.plist; sourceTree = "<group>"; };
/* End PBXFileReference section */

/* Begin PBXFrameworksBuildPhase section */
		E2052A4D1BEF1E8300F76243 /* Frameworks */ = {
			isa = PBXFrameworksBuildPhase;
			buildActionMask = 2147483647;
			files = (
			);
			runOnlyForDeploymentPostprocessing = 0;
		};
		E2052A661BEF1E8300F76243 /* Frameworks */ = {
			isa = PBXFrameworksBuildPhase;
			buildActionMask = 2147483647;
			files = (
			);
			runOnlyForDeploymentPostprocessing = 0;
		};
		E2052A711BEF1E8300F76243 /* Frameworks */ = {
			isa = PBXFrameworksBuildPhase;
			buildActionMask = 2147483647;
			files = (
			);
			runOnlyForDeploymentPostprocessing = 0;
		};
/* End PBXFrameworksBuildPhase section */

/* Begin PBXGroup section */
		E2052A471BEF1E8300F76243 = {
			isa = PBXGroup;
			children = (
				E2052A521BEF1E8300F76243 /* 01-静态单元格(storyboard) */,
				E2052A6C1BEF1E8300F76243 /* 01-静态单元格(storyboard)Tests */,
				E2052A771BEF1E8300F76243 /* 01-静态单元格(storyboard)UITests */,
				E2052A511BEF1E8300F76243 /* Products */,
			);
			sourceTree = "<group>";
		};
		E2052A511BEF1E8300F76243 /* Products */ = {
			isa = PBXGroup;
			children = (
				E2052A501BEF1E8300F76243 /* 01-静态单元格(storyboard).app */,
				E2052A691BEF1E8300F76243 /* 01-静态单元格(storyboard)Tests.xctest */,
				E2052A741BEF1E8300F76243 /* 01-静态单元格(storyboard)UITests.xctest */,
			);
			name = Products;
			sourceTree = "<group>";
		};
		E2052A521BEF1E8300F76243 /* 01-静态单元格(storyboard) */ = {
			isa = PBXGroup;
			children = (
				E2052A561BEF1E8300F76243 /* AppDelegate.h */,
				E2052A571BEF1E8300F76243 /* AppDelegate.m */,
				E2052A591BEF1E8300F76243 /* ViewController.h */,
				E2052A5A1BEF1E8300F76243 /* ViewController.m */,
				E2052A531BEF1E8300F76243 /* Supporting Files */,
			);
			path = "01-静态单元格(storyboard)";
			sourceTree = "<group>";
		};
		E2052A531BEF1E8300F76243 /* Supporting Files */ = {
			isa = PBXGroup;
			children = (
				E2052A5C1BEF1E8300F76243 /* Main.storyboard */,
				E2052A5F1BEF1E8300F76243 /* Assets.xcassets */,
				E2052A611BEF1E8300F76243 /* LaunchScreen.storyboard */,
				E2052A641BEF1E8300F76243 /* Info.plist */,
				E2052A541BEF1E8300F76243 /* main.m */,
			);
			name = "Supporting Files";
			sourceTree = "<group>";
		};
		E2052A6C1BEF1E8300F76243 /* 01-静态单元格(storyboard)Tests */ = {
			isa = PBXGroup;
			children = (
				E2052A6D1BEF1E8300F76243 /* _1_______storyboard_Tests.m */,
				E2052A6F1BEF1E8300F76243 /* Info.plist */,
			);
			path = "01-静态单元格(storyboard)Tests";
			sourceTree = "<group>";
		};
		E2052A771BEF1E8300F76243 /* 01-静态单元格(storyboard)UITests */ = {
			isa = PBXGroup;
			children = (
				E2052A781BEF1E8300F76243 /* _1_______storyboard_UITests.m */,
				E2052A7A1BEF1E8300F76243 /* Info.plist */,
			);
			path = "01-静态单元格(storyboard)UITests";
			sourceTree = "<group>";
		};
/* End PBXGroup section */

/* Begin PBXNativeTarget section */
		E2052A4F1BEF1E8300F76243 /* 01-静态单元格(storyboard) */ = {
			isa = PBXNativeTarget;
			buildConfigurationList = E2052A7D1BEF1E8300F76243 /* Build configuration list for PBXNativeTarget "01-静态单元格(storyboard)" */;
			buildPhases = (
				E2052A4C1BEF1E8300F76243 /* Sources */,
				E2052A4D1BEF1E8300F76243 /* Frameworks */,
				E2052A4E1BEF1E8300F76243 /* Resources */,
			);
			buildRules = (
			);
			dependencies = (
			);
			name = "01-静态单元格(storyboard)";
			productName = "01-静态单元格(storyboard)";
			productReference = E2052A501BEF1E8300F76243 /* 01-静态单元格(storyboard).app */;
			productType = "com.apple.product-type.application";
		};
		E2052A681BEF1E8300F76243 /* 01-静态单元格(storyboard)Tests */ = {
			isa = PBXNativeTarget;
			buildConfigurationList = E2052A801BEF1E8300F76243 /* Build configuration list for PBXNativeTarget "01-静态单元格(storyboard)Tests" */;
			buildPhases = (
				E2052A651BEF1E8300F76243 /* Sources */,
				E2052A661BEF1E8300F76243 /* Frameworks */,
				E2052A671BEF1E8300F76243 /* Resources */,
			);
			buildRules = (
			);
			dependencies = (
				E2052A6B1BEF1E8300F76243 /* PBXTargetDependency */,
			);
			name = "01-静态单元格(storyboard)Tests";
			productName = "01-静态单元格(storyboard)Tests";
			productReference = E2052A691BEF1E8300F76243 /* 01-静态单元格(storyboard)Tests.xctest */;
			productType = "com.apple.product-type.bundle.unit-test";
		};
		E2052A731BEF1E8300F76243 /* 01-静态单元格(storyboard)UITests */ = {
			isa = PBXNativeTarget;
			buildConfigurationList = E2052A831BEF1E8300F76243 /* Build configuration list for PBXNativeTarget "01-静态单元格(storyboard)UITests" */;
			buildPhases = (
				E2052A701BEF1E8300F76243 /* Sources */,
				E2052A711BEF1E8300F76243 /* Frameworks */,
				E2052A721BEF1E8300F76243 /* Resources */,
			);
			buildRules = (
			);
			dependencies = (
				E2052A761BEF1E8300F76243 /* PBXTargetDependency */,
			);
			name = "01-静态单元格(storyboard)UITests";
			productName = "01-静态单元格(storyboard)UITests";
			productReference = E2052A741BEF1E8300F76243 /* 01-静态单元格(storyboard)UITests.xctest */;
			productType = "com.apple.product-type.bundle.ui-testing";
		};
/* End PBXNativeTarget section */

/* Begin PBXProject section */
		E2052A481BEF1E8300F76243 /* Project object */ = {
			isa = PBXProject;
			attributes = {
				LastUpgradeCheck = 0700;
				ORGANIZATIONNAME = "tom-pc";
				TargetAttributes = {
					E2052A4F1BEF1E8300F76243 = {
						CreatedOnToolsVersion = 7.0.1;
					};
					E2052A681BEF1E8300F76243 = {
						CreatedOnToolsVersion = 7.0.1;
						TestTargetID = E2052A4F1BEF1E8300F76243;
					};
					E2052A731BEF1E8300F76243 = {
						CreatedOnToolsVersion = 7.0.1;
						TestTargetID = E2052A4F1BEF1E8300F76243;
					};
				};
			};
			buildConfigurationList = E2052A4B1BEF1E8300F76243 /* Build configuration list for PBXProject "01-静态单元格(storyboard)" */;
			compatibilityVersion = "Xcode 3.2";
			developmentRegion = English;
			hasScannedForEncodings = 0;
			knownRegions = (
				en,
				Base,
			);
			mainGroup = E2052A471BEF1E8300F76243;
			productRefGroup = E2052A511BEF1E8300F76243 /* Products */;
			projectDirPath = "";
			projectRoot = "";
			targets = (
				E2052A4F1BEF1E8300F76243 /* 01-静态单元格(storyboard) */,
				E2052A681BEF1E8300F76243 /* 01-静态单元格(storyboard)Tests */,
				E2052A731BEF1E8300F76243 /* 01-静态单元格(storyboard)UITests */,
			);
		};
/* End PBXProject section */

/* Begin PBXResourcesBuildPhase section */
		E2052A4E1BEF1E8300F76243 /* Resources */ = {
			isa = PBXResourcesBuildPhase;
			buildActionMask = 2147483647;
			files = (
				E2052A631BEF1E8300F76243 /* LaunchScreen.storyboard in Resources */,
				E2052A601BEF1E8300F76243 /* Assets.xcassets in Resources */,
				E2052A5E1BEF1E8300F76243 /* Main.storyboard in Resources */,
			);
			runOnlyForDeploymentPostprocessing = 0;
		};
		E2052A671BEF1E8300F76243 /* Resources */ = {
			isa = PBXResourcesBuildPhase;
			buildActionMask = 2147483647;
			files = (
			);
			runOnlyForDeploymentPostprocessing = 0;
		};
		E2052A721BEF1E8300F76243 /* Resources */ = {
			isa = PBXResourcesBuildPhase;
			buildActionMask = 2147483647;
			files = (
			);
			runOnlyForDeploymentPostprocessing = 0;
		};
/* End PBXResourcesBuildPhase section */

/* Begin PBXSourcesBuildPhase section */
		E2052A4C1BEF1E8300F76243 /* Sources */ = {
			isa = PBXSourcesBuildPhase;
			buildActionMask = 2147483647;
			files = (
				E2052A5B1BEF1E8300F76243 /* ViewController.m in Sources */,
				E2052A581BEF1E8300F76243 /* AppDelegate.m in Sources */,
				E2052A551BEF1E8300F76243 /* main.m in Sources */,
			);
			runOnlyForDeploymentPostprocessing = 0;
		};
		E2052A651BEF1E8300F76243 /* Sources */ = {
			isa = PBXSourcesBuildPhase;
			buildActionMask = 2147483647;
			files = (
				E2052A6E1BEF1E8300F76243 /* _1_______storyboard_Tests.m in Sources */,
			);
			runOnlyForDeploymentPostprocessing = 0;
		};
		E2052A701BEF1E8300F76243 /* Sources */ = {
			isa = PBXSourcesBuildPhase;
			buildActionMask = 2147483647;
			files = (
				E2052A791BEF1E8300F76243 /* _1_______storyboard_UITests.m in Sources */,
			);
			runOnlyForDeploymentPostprocessing = 0;
		};
/* End PBXSourcesBuildPhase section */

/* Begin PBXTargetDependency section */
		E2052A6B1BEF1E8300F76243 /* PBXTargetDependency */ = {
			isa = PBXTargetDependency;
			target = E2052A4F1BEF1E8300F76243 /* 01-静态单元格(storyboard) */;
			targetProxy = E2052A6A1BEF1E8300F76243 /* PBXContainerItemProxy */;
		};
		E2052A761BEF1E8300F76243 /* PBXTargetDependency */ = {
			isa = PBXTargetDependency;
			target = E2052A4F1BEF1E8300F76243 /* 01-静态单元格(storyboard) */;
			targetProxy = E2052A751BEF1E8300F76243 /* PBXContainerItemProxy */;
		};
/* End PBXTargetDependency section */

/* Begin PBXVariantGroup section */
		E2052A5C1BEF1E8300F76243 /* Main.storyboard */ = {
			isa = PBXVariantGroup;
			children = (
				E2052A5D1BEF1E8300F76243 /* Base */,
			);
			name = Main.storyboard;
			sourceTree = "<group>";
		};
		E2052A611BEF1E8300F76243 /* LaunchScreen.storyboard */ = {
			isa = PBXVariantGroup;
			children = (
				E2052A621BEF1E8300F76243 /* Base */,
			);
			name = LaunchScreen.storyboard;
			sourceTree = "<group>";
		};
/* End PBXVariantGroup section */

/* Begin XCBuildConfiguration section */
		E2052A7B1BEF1E8300F76243 /* Debug */ = {
			isa = XCBuildConfiguration;
			buildSettings = {
				ALWAYS_SEARCH_USER_PATHS = NO;
				CLANG_CXX_LANGUAGE_STANDARD = "gnu++0x";
				CLANG_CXX_LIBRARY = "libc++";
				CLANG_ENABLE_MODULES = YES;
				CLANG_ENABLE_OBJC_ARC = YES;
				CLANG_WARN_BOOL_CONVERSION = YES;
				CLANG_WARN_CONSTANT_CONVERSION = YES;
				CLANG_WARN_DIRECT_OBJC_ISA_USAGE = YES_ERROR;
				CLANG_WARN_EMPTY_BODY = YES;
				CLANG_WARN_ENUM_CONVERSION = YES;
				CLANG_WARN_INT_CONVERSION = YES;
				CLANG_WARN_OBJC_ROOT_CLASS = YES_ERROR;
				CLANG_WARN_UNREACHABLE_CODE = YES;
				CLANG_WARN__DUPLICATE_METHOD_MATCH = YES;
				"CODE_SIGN_IDENTITY[sdk=iphoneos*]" = "iPhone Developer";
				COPY_PHASE_STRIP = NO;
				DEBUG_INFORMATION_FORMAT = dwarf;
				ENABLE_STRICT_OBJC_MSGSEND = YES;
				ENABLE_TESTABILITY = YES;
				GCC_C_LANGUAGE_STANDARD = gnu99;
				GCC_DYNAMIC_NO_PIC = NO;
				GCC_NO_COMMON_BLOCKS = YES;
				GCC_OPTIMIZATION_LEVEL = 0;
				GCC_PREPROCESSOR_DEFINITIONS = (
					"DEBUG=1",
					"$(inherited)",
				);
				GCC_WARN_64_TO_32_BIT_CONVERSION = YES;
				GCC_WARN_ABOUT_RETURN_TYPE = YES_ERROR;
				GCC_WARN_UNDECLARED_SELECTOR = YES;
				GCC_WARN_UNINITIALIZED_AUTOS = YES_AGGRESSIVE;
				GCC_WARN_UNUSED_FUNCTION = YES;
				GCC_WARN_UNUSED_VARIABLE = YES;
				IPHONEOS_DEPLOYMENT_TARGET = 9.0;
				MTL_ENABLE_DEBUG_INFO = YES;
				ONLY_ACTIVE_ARCH = YES;
				SDKROOT = iphoneos;
			};
			name = Debug;
		};
		E2052A7C1BEF1E8300F76243 /* Release */ = {
			isa = XCBuildConfiguration;
			buildSettings = {
				ALWAYS_SEARCH_USER_PATHS = NO;
				CLANG_CXX_LANGUAGE_STANDARD = "gnu++0x";
				CLANG_CXX_LIBRARY = "libc++";
				CLANG_ENABLE_MODULES = YES;
				CLANG_ENABLE_OBJC_ARC = YES;
				CLANG_WARN_BOOL_CONVERSION = YES;
				CLANG_WARN_CONSTANT_CONVERSION = YES;
				CLANG_WARN_DIRECT_OBJC_ISA_USAGE = YES_ERROR;
				CLANG_WARN_EMPTY_BODY = YES;
				CLANG_WARN_ENUM_CONVERSION = YES;
				CLANG_WARN_INT_CONVERSION = YES;
				CLANG_WARN_OBJC_ROOT_CLASS = YES_ERROR;
				CLANG_WARN_UNREACHABLE_CODE = YES;
				CLANG_WARN__DUPLICATE_METHOD_MATCH = YES;
				"CODE_SIGN_IDENTITY[sdk=iphoneos*]" = "iPhone Developer";
				COPY_PHASE_STRIP = NO;
				DEBUG_INFORMATION_FORMAT = "dwarf-with-dsym";
				ENABLE_NS_ASSERTIONS = NO;
				ENABLE_STRICT_OBJC_MSGSEND = YES;
				GCC_C_LANGUAGE_STANDARD = gnu99;
				GCC_NO_COMMON_BLOCKS = YES;
				GCC_WARN_64_TO_32_BIT_CONVERSION = YES;
				GCC_WARN_ABOUT_RETURN_TYPE = YES_ERROR;
				GCC_WARN_UNDECLARED_SELECTOR = YES;
				GCC_WARN_UNINITIALIZED_AUTOS = YES_AGGRESSIVE;
				GCC_WARN_UNUSED_FUNCTION = YES;
				GCC_WARN_UNUSED_VARIABLE = YES;
				IPHONEOS_DEPLOYMENT_TARGET = 9.0;
				MTL_ENABLE_DEBUG_INFO = NO;
				SDKROOT = iphoneos;
				VALIDATE_PRODUCT = YES;
			};
			name = Release;
		};
		E2052A7E1BEF1E8300F76243 /* Debug */ = {
			isa = XCBuildConfiguration;
			buildSettings = {
				ASSETCATALOG_COMPILER_APPICON_NAME = AppIcon;
				INFOPLIST_FILE = "01-静态单元格(storyboard)/Info.plist";
				LD_RUNPATH_SEARCH_PATHS = "$(inherited) @executable_path/Frameworks";
				PRODUCT_BUNDLE_IDENTIFIER = "-.-1-------storyboard-";
				PRODUCT_NAME = "$(TARGET_NAME)";
			};
			name = Debug;
		};
		E2052A7F1BEF1E8300F76243 /* Release */ = {
			isa = XCBuildConfiguration;
			buildSettings = {
				ASSETCATALOG_COMPILER_APPICON_NAME = AppIcon;
				INFOPLIST_FILE = "01-静态单元格(storyboard)/Info.plist";
				LD_RUNPATH_SEARCH_PATHS = "$(inherited) @executable_path/Frameworks";
				PRODUCT_BUNDLE_IDENTIFIER = "-.-1-------storyboard-";
				PRODUCT_NAME = "$(TARGET_NAME)";
			};
			name = Release;
		};
		E2052A811BEF1E8300F76243 /* Debug */ = {
			isa = XCBuildConfiguration;
			buildSettings = {
				BUNDLE_LOADER = "$(TEST_HOST)";
				INFOPLIST_FILE = "01-静态单元格(storyboard)Tests/Info.plist";
				LD_RUNPATH_SEARCH_PATHS = "$(inherited) @executable_path/Frameworks @loader_path/Frameworks";
				PRODUCT_BUNDLE_IDENTIFIER = "-.-1-------storyboard-Tests";
				PRODUCT_NAME = "$(TARGET_NAME)";
				TEST_HOST = "$(BUILT_PRODUCTS_DIR)/01-静态单元格(storyboard).app/01-静态单元格(storyboard)";
			};
			name = Debug;
		};
		E2052A821BEF1E8300F76243 /* Release */ = {
			isa = XCBuildConfiguration;
			buildSettings = {
				BUNDLE_LOADER = "$(TEST_HOST)";
				INFOPLIST_FILE = "01-静态单元格(storyboard)Tests/Info.plist";
				LD_RUNPATH_SEARCH_PATHS = "$(inherited) @executable_path/Frameworks @loader_path/Frameworks";
				PRODUCT_BUNDLE_IDENTIFIER = "-.-1-------storyboard-Tests";
				PRODUCT_NAME = "$(TARGET_NAME)";
				TEST_HOST = "$(BUILT_PRODUCTS_DIR)/01-静态单元格(storyboard).app/01-静态单元格(storyboard)";
			};
			name = Release;
		};
		E2052A841BEF1E8300F76243 /* Debug */ = {
			isa = XCBuildConfiguration;
			buildSettings = {
				INFOPLIST_FILE = "01-静态单元格(storyboard)UITests/Info.plist";
				LD_RUNPATH_SEARCH_PATHS = "$(inherited) @executable_path/Frameworks @loader_path/Frameworks";
				PRODUCT_BUNDLE_IDENTIFIER = "-.-1-------storyboard-UITests";
				PRODUCT_NAME = "$(TARGET_NAME)";
				TEST_TARGET_NAME = "01-静态单元格(storyboard)";
				USES_XCTRUNNER = YES;
			};
			name = Debug;
		};
		E2052A851BEF1E8300F76243 /* Release */ = {
			isa = XCBuildConfiguration;
			buildSettings = {
				INFOPLIST_FILE = "01-静态单元格(storyboard)UITests/Info.plist";
				LD_RUNPATH_SEARCH_PATHS = "$(inherited) @executable_path/Frameworks @loader_path/Frameworks";
				PRODUCT_BUNDLE_IDENTIFIER = "-.-1-------storyboard-UITests";
				PRODUCT_NAME = "$(TARGET_NAME)";
				TEST_TARGET_NAME = "01-静态单元格(storyboard)";
				USES_XCTRUNNER = YES;
			};
			name = Release;
		};
/* End XCBuildConfiguration section */

/* Begin XCConfigurationList section */
		E2052A4B1BEF1E8300F76243 /* Build configuration list for PBXProject "01-静态单元格(storyboard)" */ = {
			isa = XCConfigurationList;
			buildConfigurations = (
				E2052A7B1BEF1E8300F76243 /* Debug */,
				E2052A7C1BEF1E8300F76243 /* Release */,
			);
			defaultConfigurationIsVisible = 0;
			defaultConfigurationName = Release;
		};
		E2052A7D1BEF1E8300F76243 /* Build configuration list for PBXNativeTarget "01-静态单元格(storyboard)" */ = {
			isa = XCConfigurationList;
			buildConfigurations = (
				E2052A7E1BEF1E8300F76243 /* Debug */,
				E2052A7F1BEF1E8300F76243 /* Release */,
			);
			defaultConfigurationIsVisible = 0;
		};
		E2052A801BEF1E8300F76243 /* Build configuration list for PBXNativeTarget "01-静态单元格(storyboard)Tests" */ = {
			isa = XCConfigurationList;
			buildConfigurations = (
				E2052A811BEF1E8300F76243 /* Debug */,
				E2052A821BEF1E8300F76243 /* Release */,
			);
			defaultConfigurationIsVisible = 0;
		};
		E2052A831BEF1E8300F76243 /* Build configuration list for PBXNativeTarget "01-静态单元格(storyboard)UITests" */ = {
			isa = XCConfigurationList;
			buildConfigurations = (
				E2052A841BEF1E8300F76243 /* Debug */,
				E2052A851BEF1E8300F76243 /* Release */,
			);
			defaultConfigurationIsVisible = 0;
		};
/* End XCConfigurationList section */
	};
	rootObject = E2052A481BEF1E8300F76243 /* Project object */;
}
